// !$*UTF8*$!
{
	archiveVersion = 1;
	classes = {
	};
	objectVersion = 56;
	objects = {

/* Begin PBXBuildFile section */
		BA208E1D294358410042AAB5 /* HttpClient.swift in Sources */ = {isa = PBXBuildFile; fileRef = BA208E1C294358410042AAB5 /* HttpClient.swift */; };
		BA208E21294803A60042AAB5 /* MockURLSession.swift in Sources */ = {isa = PBXBuildFile; fileRef = BA208E20294803A60042AAB5 /* MockURLSession.swift */; };
		BA3C8144293B13FE00106EFC /* WorkdayApp.swift in Sources */ = {isa = PBXBuildFile; fileRef = BA3C8143293B13FE00106EFC /* WorkdayApp.swift */; };
		BA3C8146293B13FE00106EFC /* NasaList.swift in Sources */ = {isa = PBXBuildFile; fileRef = BA3C8145293B13FE00106EFC /* NasaList.swift */; };
		BA3C8148293B13FF00106EFC /* Assets.xcassets in Resources */ = {isa = PBXBuildFile; fileRef = BA3C8147293B13FF00106EFC /* Assets.xcassets */; };
		BA3C814C293B13FF00106EFC /* Preview Assets.xcassets in Resources */ = {isa = PBXBuildFile; fileRef = BA3C814B293B13FF00106EFC /* Preview Assets.xcassets */; };
		BA3C8156293B13FF00106EFC /* NetworkTests.swift in Sources */ = {isa = PBXBuildFile; fileRef = BA3C8155293B13FF00106EFC /* NetworkTests.swift */; };
		BA3C8160293B13FF00106EFC /* WorkdayUITests.swift in Sources */ = {isa = PBXBuildFile; fileRef = BA3C815F293B13FF00106EFC /* WorkdayUITests.swift */; };
		BA3C8162293B13FF00106EFC /* WorkdayUITestsLaunchTests.swift in Sources */ = {isa = PBXBuildFile; fileRef = BA3C8161293B13FF00106EFC /* WorkdayUITestsLaunchTests.swift */; };
		BA3C8171293B271E00106EFC /* Extensions.swift in Sources */ = {isa = PBXBuildFile; fileRef = BA3C8170293B271E00106EFC /* Extensions.swift */; };
		BAA74487293BEB2400CE4DD2 /* ErrorHandlingViewModifier.swift in Sources */ = {isa = PBXBuildFile; fileRef = BAA74486293BEB2400CE4DD2 /* ErrorHandlingViewModifier.swift */; };
		BAA74489293BEB5900CE4DD2 /* Errors.swift in Sources */ = {isa = PBXBuildFile; fileRef = BAA74488293BEB5900CE4DD2 /* Errors.swift */; };
		BAA7448B293C0C4A00CE4DD2 /* NasaData.swift in Sources */ = {isa = PBXBuildFile; fileRef = BAA7448A293C0C4A00CE4DD2 /* NasaData.swift */; };
		BAA7448E293C724600CE4DD2 /* NasaCollection.swift in Sources */ = {isa = PBXBuildFile; fileRef = BAA7448D293C724600CE4DD2 /* NasaCollection.swift */; };
		BAA74490293C737100CE4DD2 /* NasaItem.swift in Sources */ = {isa = PBXBuildFile; fileRef = BAA7448F293C737100CE4DD2 /* NasaItem.swift */; };
		BAA74492293C752A00CE4DD2 /* NasaLinks.swift in Sources */ = {isa = PBXBuildFile; fileRef = BAA74491293C752A00CE4DD2 /* NasaLinks.swift */; };
		BAA74494293C764500CE4DD2 /* CollectionLinks.swift in Sources */ = {isa = PBXBuildFile; fileRef = BAA74493293C764500CE4DD2 /* CollectionLinks.swift */; };
		BAA74496293C889500CE4DD2 /* DataService.swift in Sources */ = {isa = PBXBuildFile; fileRef = BAA74495293C889500CE4DD2 /* DataService.swift */; };
		BAA74498293DB03F00CE4DD2 /* NasaItems.swift in Sources */ = {isa = PBXBuildFile; fileRef = BAA74497293DB03F00CE4DD2 /* NasaItems.swift */; };
		BAA7449A293DF0EB00CE4DD2 /* SearchBar.swift in Sources */ = {isa = PBXBuildFile; fileRef = BAA74499293DF0EB00CE4DD2 /* SearchBar.swift */; };
		BAA7449C293E079B00CE4DD2 /* NasaCell.swift in Sources */ = {isa = PBXBuildFile; fileRef = BAA7449B293E079B00CE4DD2 /* NasaCell.swift */; };
		BAA744A12940278200CE4DD2 /* NasaCellViewModel.swift in Sources */ = {isa = PBXBuildFile; fileRef = BAA744A02940278200CE4DD2 /* NasaCellViewModel.swift */; };
		BAA744A52940B8DA00CE4DD2 /* DetailScreen.swift in Sources */ = {isa = PBXBuildFile; fileRef = BAA744A42940B8DA00CE4DD2 /* DetailScreen.swift */; };
		BAA744A92940BA9C00CE4DD2 /* Router.swift in Sources */ = {isa = PBXBuildFile; fileRef = BAA744A82940BA9C00CE4DD2 /* Router.swift */; };
		BAA744AB2940BBE200CE4DD2 /* DetailScreenViewModel.swift in Sources */ = {isa = PBXBuildFile; fileRef = BAA744AA2940BBE200CE4DD2 /* DetailScreenViewModel.swift */; };
		BAD105942A10A16F00D78F68 /* NasaListViewModel.swift in Sources */ = {isa = PBXBuildFile; fileRef = BAD105932A10A16F00D78F68 /* NasaListViewModel.swift */; };
		BAD105972A11724B00D78F68 /* UIConfig.swift in Sources */ = {isa = PBXBuildFile; fileRef = BAD105962A11724B00D78F68 /* UIConfig.swift */; };
		BAD105992A1292A400D78F68 /* ViewModelTests.swift in Sources */ = {isa = PBXBuildFile; fileRef = BAD105982A1292A400D78F68 /* ViewModelTests.swift */; };
/* End PBXBuildFile section */

/* Begin PBXContainerItemProxy section */
		BA3C8152293B13FF00106EFC /* PBXContainerItemProxy */ = {
			isa = PBXContainerItemProxy;
			containerPortal = BA3C8138293B13FE00106EFC /* Project object */;
			proxyType = 1;
			remoteGlobalIDString = BA3C813F293B13FE00106EFC;
			remoteInfo = Workday;
		};
		BA3C815C293B13FF00106EFC /* PBXContainerItemProxy */ = {
			isa = PBXContainerItemProxy;
			containerPortal = BA3C8138293B13FE00106EFC /* Project object */;
			proxyType = 1;
			remoteGlobalIDString = BA3C813F293B13FE00106EFC;
			remoteInfo = Workday;
		};
/* End PBXContainerItemProxy section */

/* Begin PBXFileReference section */
		BA208E1C294358410042AAB5 /* HttpClient.swift */ = {isa = PBXFileReference; lastKnownFileType = sourcecode.swift; path = HttpClient.swift; sourceTree = "<group>"; };
		BA208E20294803A60042AAB5 /* MockURLSession.swift */ = {isa = PBXFileReference; lastKnownFileType = sourcecode.swift; path = MockURLSession.swift; sourceTree = "<group>"; };
		BA3C8140293B13FE00106EFC /* Workday.app */ = {isa = PBXFileReference; explicitFileType = wrapper.application; includeInIndex = 0; path = Workday.app; sourceTree = BUILT_PRODUCTS_DIR; };
		BA3C8143293B13FE00106EFC /* WorkdayApp.swift */ = {isa = PBXFileReference; lastKnownFileType = sourcecode.swift; path = WorkdayApp.swift; sourceTree = "<group>"; };
		BA3C8145293B13FE00106EFC /* NasaList.swift */ = {isa = PBXFileReference; lastKnownFileType = sourcecode.swift; path = NasaList.swift; sourceTree = "<group>"; };
		BA3C8147293B13FF00106EFC /* Assets.xcassets */ = {isa = PBXFileReference; lastKnownFileType = folder.assetcatalog; path = Assets.xcassets; sourceTree = "<group>"; };
		BA3C8149293B13FF00106EFC /* Workday.entitlements */ = {isa = PBXFileReference; lastKnownFileType = text.plist.entitlements; path = Workday.entitlements; sourceTree = "<group>"; };
		BA3C814B293B13FF00106EFC /* Preview Assets.xcassets */ = {isa = PBXFileReference; lastKnownFileType = folder.assetcatalog; path = "Preview Assets.xcassets"; sourceTree = "<group>"; };
		BA3C8151293B13FF00106EFC /* WorkdayTests.xctest */ = {isa = PBXFileReference; explicitFileType = wrapper.cfbundle; includeInIndex = 0; path = WorkdayTests.xctest; sourceTree = BUILT_PRODUCTS_DIR; };
		BA3C8155293B13FF00106EFC /* NetworkTests.swift */ = {isa = PBXFileReference; lastKnownFileType = sourcecode.swift; path = NetworkTests.swift; sourceTree = "<group>"; };
		BA3C815B293B13FF00106EFC /* WorkdayUITests.xctest */ = {isa = PBXFileReference; explicitFileType = wrapper.cfbundle; includeInIndex = 0; path = WorkdayUITests.xctest; sourceTree = BUILT_PRODUCTS_DIR; };
		BA3C815F293B13FF00106EFC /* WorkdayUITests.swift */ = {isa = PBXFileReference; lastKnownFileType = sourcecode.swift; path = WorkdayUITests.swift; sourceTree = "<group>"; };
		BA3C8161293B13FF00106EFC /* WorkdayUITestsLaunchTests.swift */ = {isa = PBXFileReference; lastKnownFileType = sourcecode.swift; path = WorkdayUITestsLaunchTests.swift; sourceTree = "<group>"; };
		BA3C8170293B271E00106EFC /* Extensions.swift */ = {isa = PBXFileReference; lastKnownFileType = sourcecode.swift; path = Extensions.swift; sourceTree = "<group>"; };
		BAA74486293BEB2400CE4DD2 /* ErrorHandlingViewModifier.swift */ = {isa = PBXFileReference; fileEncoding = 4; lastKnownFileType = sourcecode.swift; path = ErrorHandlingViewModifier.swift; sourceTree = "<group>"; };
		BAA74488293BEB5900CE4DD2 /* Errors.swift */ = {isa = PBXFileReference; fileEncoding = 4; lastKnownFileType = sourcecode.swift; path = Errors.swift; sourceTree = "<group>"; };
		BAA7448A293C0C4A00CE4DD2 /* NasaData.swift */ = {isa = PBXFileReference; lastKnownFileType = sourcecode.swift; path = NasaData.swift; sourceTree = "<group>"; };
		BAA7448D293C724600CE4DD2 /* NasaCollection.swift */ = {isa = PBXFileReference; lastKnownFileType = sourcecode.swift; path = NasaCollection.swift; sourceTree = "<group>"; };
		BAA7448F293C737100CE4DD2 /* NasaItem.swift */ = {isa = PBXFileReference; lastKnownFileType = sourcecode.swift; path = NasaItem.swift; sourceTree = "<group>"; };
		BAA74491293C752A00CE4DD2 /* NasaLinks.swift */ = {isa = PBXFileReference; lastKnownFileType = sourcecode.swift; path = NasaLinks.swift; sourceTree = "<group>"; };
		BAA74493293C764500CE4DD2 /* CollectionLinks.swift */ = {isa = PBXFileReference; lastKnownFileType = sourcecode.swift; path = CollectionLinks.swift; sourceTree = "<group>"; };
		BAA74495293C889500CE4DD2 /* DataService.swift */ = {isa = PBXFileReference; lastKnownFileType = sourcecode.swift; path = DataService.swift; sourceTree = "<group>"; };
		BAA74497293DB03F00CE4DD2 /* NasaItems.swift */ = {isa = PBXFileReference; lastKnownFileType = sourcecode.swift; path = NasaItems.swift; sourceTree = "<group>"; };
		BAA74499293DF0EB00CE4DD2 /* SearchBar.swift */ = {isa = PBXFileReference; fileEncoding = 4; lastKnownFileType = sourcecode.swift; path = SearchBar.swift; sourceTree = "<group>"; };
		BAA7449B293E079B00CE4DD2 /* NasaCell.swift */ = {isa = PBXFileReference; lastKnownFileType = sourcecode.swift; path = NasaCell.swift; sourceTree = "<group>"; };
		BAA744A02940278200CE4DD2 /* NasaCellViewModel.swift */ = {isa = PBXFileReference; fileEncoding = 4; lastKnownFileType = sourcecode.swift; path = NasaCellViewModel.swift; sourceTree = "<group>"; };
		BAA744A42940B8DA00CE4DD2 /* DetailScreen.swift */ = {isa = PBXFileReference; lastKnownFileType = sourcecode.swift; path = DetailScreen.swift; sourceTree = "<group>"; };
		BAA744A82940BA9C00CE4DD2 /* Router.swift */ = {isa = PBXFileReference; fileEncoding = 4; lastKnownFileType = sourcecode.swift; path = Router.swift; sourceTree = "<group>"; };
		BAA744AA2940BBE200CE4DD2 /* DetailScreenViewModel.swift */ = {isa = PBXFileReference; lastKnownFileType = sourcecode.swift; path = DetailScreenViewModel.swift; sourceTree = "<group>"; };
		BAD105932A10A16F00D78F68 /* NasaListViewModel.swift */ = {isa = PBXFileReference; lastKnownFileType = sourcecode.swift; path = NasaListViewModel.swift; sourceTree = "<group>"; };
		BAD105962A11724B00D78F68 /* UIConfig.swift */ = {isa = PBXFileReference; lastKnownFileType = sourcecode.swift; path = UIConfig.swift; sourceTree = "<group>"; };
		BAD105982A1292A400D78F68 /* ViewModelTests.swift */ = {isa = PBXFileReference; lastKnownFileType = sourcecode.swift; path = ViewModelTests.swift; sourceTree = "<group>"; };
/* End PBXFileReference section */

/* Begin PBXFrameworksBuildPhase section */
		BA3C813D293B13FE00106EFC /* Frameworks */ = {
			isa = PBXFrameworksBuildPhase;
			buildActionMask = 2147483647;
			files = (
			);
			runOnlyForDeploymentPostprocessing = 0;
		};
		BA3C814E293B13FF00106EFC /* Frameworks */ = {
			isa = PBXFrameworksBuildPhase;
			buildActionMask = 2147483647;
			files = (
			);
			runOnlyForDeploymentPostprocessing = 0;
		};
		BA3C8158293B13FF00106EFC /* Frameworks */ = {
			isa = PBXFrameworksBuildPhase;
			buildActionMask = 2147483647;
			files = (
			);
			runOnlyForDeploymentPostprocessing = 0;
		};
/* End PBXFrameworksBuildPhase section */

/* Begin PBXGroup section */
		BA208E1E294803720042AAB5 /* Live */ = {
			isa = PBXGroup;
			children = (
				BAA74495293C889500CE4DD2 /* DataService.swift */,
				BA208E1C294358410042AAB5 /* HttpClient.swift */,
			);
			path = Live;
			sourceTree = "<group>";
		};
		BA208E1F2948037A0042AAB5 /* Test */ = {
			isa = PBXGroup;
			children = (
				BA208E20294803A60042AAB5 /* MockURLSession.swift */,
			);
			path = Test;
			sourceTree = "<group>";
		};
		BA3C8137293B13FE00106EFC = {
			isa = PBXGroup;
			children = (
				BA3C8142293B13FE00106EFC /* Workday */,
				BA3C8154293B13FF00106EFC /* WorkdayTests */,
				BA3C815E293B13FF00106EFC /* WorkdayUITests */,
				BA3C8141293B13FE00106EFC /* Products */,
			);
			sourceTree = "<group>";
		};
		BA3C8141293B13FE00106EFC /* Products */ = {
			isa = PBXGroup;
			children = (
				BA3C8140293B13FE00106EFC /* Workday.app */,
				BA3C8151293B13FF00106EFC /* WorkdayTests.xctest */,
				BA3C815B293B13FF00106EFC /* WorkdayUITests.xctest */,
			);
			name = Products;
			sourceTree = "<group>";
		};
		BA3C8142293B13FE00106EFC /* Workday */ = {
			isa = PBXGroup;
			children = (
				BA3C8143293B13FE00106EFC /* WorkdayApp.swift */,
				BAA7448C293C0C5000CE4DD2 /* Models */,
				BA3C8173293B273200106EFC /* Networking */,
				BA3C8174293B274800106EFC /* UI */,
				BA3C8172293B272600106EFC /* Utility */,
				BA3C8147293B13FF00106EFC /* Assets.xcassets */,
				BA3C8149293B13FF00106EFC /* Workday.entitlements */,
				BA3C814A293B13FF00106EFC /* Preview Content */,
			);
			path = Workday;
			sourceTree = "<group>";
		};
		BA3C814A293B13FF00106EFC /* Preview Content */ = {
			isa = PBXGroup;
			children = (
				BA3C814B293B13FF00106EFC /* Preview Assets.xcassets */,
			);
			path = "Preview Content";
			sourceTree = "<group>";
		};
		BA3C8154293B13FF00106EFC /* WorkdayTests */ = {
			isa = PBXGroup;
			children = (
				BA3C8155293B13FF00106EFC /* NetworkTests.swift */,
				BAD105982A1292A400D78F68 /* ViewModelTests.swift */,
			);
			path = WorkdayTests;
			sourceTree = "<group>";
		};
		BA3C815E293B13FF00106EFC /* WorkdayUITests */ = {
			isa = PBXGroup;
			children = (
				BA3C815F293B13FF00106EFC /* WorkdayUITests.swift */,
				BA3C8161293B13FF00106EFC /* WorkdayUITestsLaunchTests.swift */,
			);
			path = WorkdayUITests;
			sourceTree = "<group>";
		};
		BA3C8172293B272600106EFC /* Utility */ = {
			isa = PBXGroup;
			children = (
				BAA74488293BEB5900CE4DD2 /* Errors.swift */,
				BAA74486293BEB2400CE4DD2 /* ErrorHandlingViewModifier.swift */,
				BA3C8170293B271E00106EFC /* Extensions.swift */,
				BAA744A82940BA9C00CE4DD2 /* Router.swift */,
			);
			path = Utility;
			sourceTree = "<group>";
		};
		BA3C8173293B273200106EFC /* Networking */ = {
			isa = PBXGroup;
			children = (
				BA208E1E294803720042AAB5 /* Live */,
				BA208E1F2948037A0042AAB5 /* Test */,
			);
			path = Networking;
			sourceTree = "<group>";
		};
		BA3C8174293B274800106EFC /* UI */ = {
			isa = PBXGroup;
			children = (
				BAA7449D2940271600CE4DD2 /* Cells */,
				BAD105952A11722900D78F68 /* Formatting */,
				BAA744A32940B8B300CE4DD2 /* Screens */,
				BAA744A229403F5F00CE4DD2 /* Widgets */,
			);
			path = UI;
			sourceTree = "<group>";
		};
		BAA7448C293C0C5000CE4DD2 /* Models */ = {
			isa = PBXGroup;
			children = (
				BAA7448A293C0C4A00CE4DD2 /* NasaData.swift */,
				BAA7448D293C724600CE4DD2 /* NasaCollection.swift */,
				BAA74493293C764500CE4DD2 /* CollectionLinks.swift */,
				BAA7448F293C737100CE4DD2 /* NasaItem.swift */,
				BAA74497293DB03F00CE4DD2 /* NasaItems.swift */,
				BAA74491293C752A00CE4DD2 /* NasaLinks.swift */,
			);
			path = Models;
			sourceTree = "<group>";
		};
		BAA7449D2940271600CE4DD2 /* Cells */ = {
			isa = PBXGroup;
			children = (
				BAA7449B293E079B00CE4DD2 /* NasaCell.swift */,
				BAA744A02940278200CE4DD2 /* NasaCellViewModel.swift */,
			);
			path = Cells;
			sourceTree = "<group>";
		};
		BAA744A229403F5F00CE4DD2 /* Widgets */ = {
			isa = PBXGroup;
			children = (
				BAA74499293DF0EB00CE4DD2 /* SearchBar.swift */,
			);
			path = Widgets;
			sourceTree = "<group>";
		};
		BAA744A32940B8B300CE4DD2 /* Screens */ = {
			isa = PBXGroup;
			children = (
				BA3C8145293B13FE00106EFC /* NasaList.swift */,
				BAD105932A10A16F00D78F68 /* NasaListViewModel.swift */,
				BAA744A42940B8DA00CE4DD2 /* DetailScreen.swift */,
				BAA744AA2940BBE200CE4DD2 /* DetailScreenViewModel.swift */,
			);
			path = Screens;
			sourceTree = "<group>";
		};
		BAD105952A11722900D78F68 /* Formatting */ = {
			isa = PBXGroup;
			children = (
				BAD105962A11724B00D78F68 /* UIConfig.swift */,
			);
			path = Formatting;
			sourceTree = "<group>";
		};
/* End PBXGroup section */

/* Begin PBXNativeTarget section */
		BA3C813F293B13FE00106EFC /* Workday */ = {
			isa = PBXNativeTarget;
			buildConfigurationList = BA3C8165293B13FF00106EFC /* Build configuration list for PBXNativeTarget "Workday" */;
			buildPhases = (
				BA3C813C293B13FE00106EFC /* Sources */,
				BA3C813D293B13FE00106EFC /* Frameworks */,
				BA3C813E293B13FE00106EFC /* Resources */,
			);
			buildRules = (
			);
			dependencies = (
			);
			name = Workday;
			productName = Workday;
			productReference = BA3C8140293B13FE00106EFC /* Workday.app */;
			productType = "com.apple.product-type.application";
		};
		BA3C8150293B13FF00106EFC /* WorkdayTests */ = {
			isa = PBXNativeTarget;
			buildConfigurationList = BA3C8168293B13FF00106EFC /* Build configuration list for PBXNativeTarget "WorkdayTests" */;
			buildPhases = (
				BA3C814D293B13FF00106EFC /* Sources */,
				BA3C814E293B13FF00106EFC /* Frameworks */,
				BA3C814F293B13FF00106EFC /* Resources */,
			);
			buildRules = (
			);
			dependencies = (
				BA3C8153293B13FF00106EFC /* PBXTargetDependency */,
			);
			name = WorkdayTests;
			productName = WorkdayTests;
			productReference = BA3C8151293B13FF00106EFC /* WorkdayTests.xctest */;
			productType = "com.apple.product-type.bundle.unit-test";
		};
		BA3C815A293B13FF00106EFC /* WorkdayUITests */ = {
			isa = PBXNativeTarget;
			buildConfigurationList = BA3C816B293B13FF00106EFC /* Build configuration list for PBXNativeTarget "WorkdayUITests" */;
			buildPhases = (
				BA3C8157293B13FF00106EFC /* Sources */,
				BA3C8158293B13FF00106EFC /* Frameworks */,
				BA3C8159293B13FF00106EFC /* Resources */,
			);
			buildRules = (
			);
			dependencies = (
				BA3C815D293B13FF00106EFC /* PBXTargetDependency */,
			);
			name = WorkdayUITests;
			productName = WorkdayUITests;
			productReference = BA3C815B293B13FF00106EFC /* WorkdayUITests.xctest */;
			productType = "com.apple.product-type.bundle.ui-testing";
		};
/* End PBXNativeTarget section */

/* Begin PBXProject section */
		BA3C8138293B13FE00106EFC /* Project object */ = {
			isa = PBXProject;
			attributes = {
				BuildIndependentTargetsInParallel = 1;
				LastSwiftUpdateCheck = 1400;
				LastUpgradeCheck = 1400;
				TargetAttributes = {
					BA3C813F293B13FE00106EFC = {
						CreatedOnToolsVersion = 14.0.1;
					};
					BA3C8150293B13FF00106EFC = {
						CreatedOnToolsVersion = 14.0.1;
						TestTargetID = BA3C813F293B13FE00106EFC;
					};
					BA3C815A293B13FF00106EFC = {
						CreatedOnToolsVersion = 14.0.1;
						TestTargetID = BA3C813F293B13FE00106EFC;
					};
				};
			};
			buildConfigurationList = BA3C813B293B13FE00106EFC /* Build configuration list for PBXProject "Workday" */;
			compatibilityVersion = "Xcode 14.0";
			developmentRegion = en;
			hasScannedForEncodings = 0;
			knownRegions = (
				en,
				Base,
			);
			mainGroup = BA3C8137293B13FE00106EFC;
			productRefGroup = BA3C8141293B13FE00106EFC /* Products */;
			projectDirPath = "";
			projectRoot = "";
			targets = (
				BA3C813F293B13FE00106EFC /* Workday */,
				BA3C8150293B13FF00106EFC /* WorkdayTests */,
				BA3C815A293B13FF00106EFC /* WorkdayUITests */,
			);
		};
/* End PBXProject section */

/* Begin PBXResourcesBuildPhase section */
		BA3C813E293B13FE00106EFC /* Resources */ = {
			isa = PBXResourcesBuildPhase;
			buildActionMask = 2147483647;
			files = (
				BA3C814C293B13FF00106EFC /* Preview Assets.xcassets in Resources */,
				BA3C8148293B13FF00106EFC /* Assets.xcassets in Resources */,
			);
			runOnlyForDeploymentPostprocessing = 0;
		};
		BA3C814F293B13FF00106EFC /* Resources */ = {
			isa = PBXResourcesBuildPhase;
			buildActionMask = 2147483647;
			files = (
			);
			runOnlyForDeploymentPostprocessing = 0;
		};
		BA3C8159293B13FF00106EFC /* Resources */ = {
			isa = PBXResourcesBuildPhase;
			buildActionMask = 2147483647;
			files = (
			);
			runOnlyForDeploymentPostprocessing = 0;
		};
/* End PBXResourcesBuildPhase section */

/* Begin PBXSourcesBuildPhase section */
		BA3C813C293B13FE00106EFC /* Sources */ = {
			isa = PBXSourcesBuildPhase;
			buildActionMask = 2147483647;
			files = (
				BAA744AB2940BBE200CE4DD2 /* DetailScreenViewModel.swift in Sources */,
				BAA74490293C737100CE4DD2 /* NasaItem.swift in Sources */,
				BA3C8146293B13FE00106EFC /* NasaList.swift in Sources */,
				BAD105942A10A16F00D78F68 /* NasaListViewModel.swift in Sources */,
				BAA74496293C889500CE4DD2 /* DataService.swift in Sources */,
				BAA744A92940BA9C00CE4DD2 /* Router.swift in Sources */,
				BAA7448B293C0C4A00CE4DD2 /* NasaData.swift in Sources */,
				BA3C8144293B13FE00106EFC /* WorkdayApp.swift in Sources */,
				BAA7449C293E079B00CE4DD2 /* NasaCell.swift in Sources */,
				BAD105972A11724B00D78F68 /* UIConfig.swift in Sources */,
				BA208E21294803A60042AAB5 /* MockURLSession.swift in Sources */,
				BA208E1D294358410042AAB5 /* HttpClient.swift in Sources */,
				BAA74487293BEB2400CE4DD2 /* ErrorHandlingViewModifier.swift in Sources */,
				BAA7449A293DF0EB00CE4DD2 /* SearchBar.swift in Sources */,
				BAA74494293C764500CE4DD2 /* CollectionLinks.swift in Sources */,
				BAA74489293BEB5900CE4DD2 /* Errors.swift in Sources */,
				BAA7448E293C724600CE4DD2 /* NasaCollection.swift in Sources */,
				BAA74492293C752A00CE4DD2 /* NasaLinks.swift in Sources */,
				BA3C8171293B271E00106EFC /* Extensions.swift in Sources */,
				BAA744A12940278200CE4DD2 /* NasaCellViewModel.swift in Sources */,
				BAA744A52940B8DA00CE4DD2 /* DetailScreen.swift in Sources */,
				BAA74498293DB03F00CE4DD2 /* NasaItems.swift in Sources */,
			);
			runOnlyForDeploymentPostprocessing = 0;
		};
		BA3C814D293B13FF00106EFC /* Sources */ = {
			isa = PBXSourcesBuildPhase;
			buildActionMask = 2147483647;
			files = (
				BAD105992A1292A400D78F68 /* ViewModelTests.swift in Sources */,
				BA3C8156293B13FF00106EFC /* NetworkTests.swift in Sources */,
			);
			runOnlyForDeploymentPostprocessing = 0;
		};
		BA3C8157293B13FF00106EFC /* Sources */ = {
			isa = PBXSourcesBuildPhase;
			buildActionMask = 2147483647;
			files = (
				BA3C8162293B13FF00106EFC /* WorkdayUITestsLaunchTests.swift in Sources */,
				BA3C8160293B13FF00106EFC /* WorkdayUITests.swift in Sources */,
			);
			runOnlyForDeploymentPostprocessing = 0;
		};
/* End PBXSourcesBuildPhase section */

/* Begin PBXTargetDependency section */
		BA3C8153293B13FF00106EFC /* PBXTargetDependency */ = {
			isa = PBXTargetDependency;
			target = BA3C813F293B13FE00106EFC /* Workday */;
			targetProxy = BA3C8152293B13FF00106EFC /* PBXContainerItemProxy */;
		};
		BA3C815D293B13FF00106EFC /* PBXTargetDependency */ = {
			isa = PBXTargetDependency;
			target = BA3C813F293B13FE00106EFC /* Workday */;
			targetProxy = BA3C815C293B13FF00106EFC /* PBXContainerItemProxy */;
		};
/* End PBXTargetDependency section */

/* Begin XCBuildConfiguration section */
		BA3C8163293B13FF00106EFC /* Debug */ = {
			isa = XCBuildConfiguration;
			buildSettings = {
				ALWAYS_SEARCH_USER_PATHS = NO;
				CLANG_ANALYZER_NONNULL = YES;
				CLANG_ANALYZER_NUMBER_OBJECT_CONVERSION = YES_AGGRESSIVE;
				CLANG_CXX_LANGUAGE_STANDARD = "gnu++20";
				CLANG_ENABLE_MODULES = YES;
				CLANG_ENABLE_OBJC_ARC = YES;
				CLANG_ENABLE_OBJC_WEAK = YES;
				CLANG_WARN_BLOCK_CAPTURE_AUTORELEASING = YES;
				CLANG_WARN_BOOL_CONVERSION = YES;
				CLANG_WARN_COMMA = YES;
				CLANG_WARN_CONSTANT_CONVERSION = YES;
				CLANG_WARN_DEPRECATED_OBJC_IMPLEMENTATIONS = YES;
				CLANG_WARN_DIRECT_OBJC_ISA_USAGE = YES_ERROR;
				CLANG_WARN_DOCUMENTATION_COMMENTS = YES;
				CLANG_WARN_EMPTY_BODY = YES;
				CLANG_WARN_ENUM_CONVERSION = YES;
				CLANG_WARN_INFINITE_RECURSION = YES;
				CLANG_WARN_INT_CONVERSION = YES;
				CLANG_WARN_NON_LITERAL_NULL_CONVERSION = YES;
				CLANG_WARN_OBJC_IMPLICIT_RETAIN_SELF = YES;
				CLANG_WARN_OBJC_LITERAL_CONVERSION = YES;
				CLANG_WARN_OBJC_ROOT_CLASS = YES_ERROR;
				CLANG_WARN_QUOTED_INCLUDE_IN_FRAMEWORK_HEADER = YES;
				CLANG_WARN_RANGE_LOOP_ANALYSIS = YES;
				CLANG_WARN_STRICT_PROTOTYPES = YES;
				CLANG_WARN_SUSPICIOUS_MOVE = YES;
				CLANG_WARN_UNGUARDED_AVAILABILITY = YES_AGGRESSIVE;
				CLANG_WARN_UNREACHABLE_CODE = YES;
				CLANG_WARN__DUPLICATE_METHOD_MATCH = YES;
				COPY_PHASE_STRIP = NO;
				DEBUG_INFORMATION_FORMAT = dwarf;
				ENABLE_STRICT_OBJC_MSGSEND = YES;
				ENABLE_TESTABILITY = YES;
				GCC_C_LANGUAGE_STANDARD = gnu11;
				GCC_DYNAMIC_NO_PIC = NO;
				GCC_NO_COMMON_BLOCKS = YES;
				GCC_OPTIMIZATION_LEVEL = 0;
				GCC_PREPROCESSOR_DEFINITIONS = (
					"DEBUG=1",
					"$(inherited)",
				);
				GCC_WARN_64_TO_32_BIT_CONVERSION = YES;
				GCC_WARN_ABOUT_RETURN_TYPE = YES_ERROR;
				GCC_WARN_UNDECLARED_SELECTOR = YES;
				GCC_WARN_UNINITIALIZED_AUTOS = YES_AGGRESSIVE;
				GCC_WARN_UNUSED_FUNCTION = YES;
				GCC_WARN_UNUSED_VARIABLE = YES;
				MTL_ENABLE_DEBUG_INFO = INCLUDE_SOURCE;
				MTL_FAST_MATH = YES;
				ONLY_ACTIVE_ARCH = YES;
				SWIFT_ACTIVE_COMPILATION_CONDITIONS = DEBUG;
				SWIFT_OPTIMIZATION_LEVEL = "-Onone";
			};
			name = Debug;
		};
		BA3C8164293B13FF00106EFC /* Release */ = {
			isa = XCBuildConfiguration;
			buildSettings = {
				ALWAYS_SEARCH_USER_PATHS = NO;
				CLANG_ANALYZER_NONNULL = YES;
				CLANG_ANALYZER_NUMBER_OBJECT_CONVERSION = YES_AGGRESSIVE;
				CLANG_CXX_LANGUAGE_STANDARD = "gnu++20";
				CLANG_ENABLE_MODULES = YES;
				CLANG_ENABLE_OBJC_ARC = YES;
				CLANG_ENABLE_OBJC_WEAK = YES;
				CLANG_WARN_BLOCK_CAPTURE_AUTORELEASING = YES;
				CLANG_WARN_BOOL_CONVERSION = YES;
				CLANG_WARN_COMMA = YES;
				CLANG_WARN_CONSTANT_CONVERSION = YES;
				CLANG_WARN_DEPRECATED_OBJC_IMPLEMENTATIONS = YES;
				CLANG_WARN_DIRECT_OBJC_ISA_USAGE = YES_ERROR;
				CLANG_WARN_DOCUMENTATION_COMMENTS = YES;
				CLANG_WARN_EMPTY_BODY = YES;
				CLANG_WARN_ENUM_CONVERSION = YES;
				CLANG_WARN_INFINITE_RECURSION = YES;
				CLANG_WARN_INT_CONVERSION = YES;
				CLANG_WARN_NON_LITERAL_NULL_CONVERSION = YES;
				CLANG_WARN_OBJC_IMPLICIT_RETAIN_SELF = YES;
				CLANG_WARN_OBJC_LITERAL_CONVERSION = YES;
				CLANG_WARN_OBJC_ROOT_CLASS = YES_ERROR;
				CLANG_WARN_QUOTED_INCLUDE_IN_FRAMEWORK_HEADER = YES;
				CLANG_WARN_RANGE_LOOP_ANALYSIS = YES;
				CLANG_WARN_STRICT_PROTOTYPES = YES;
				CLANG_WARN_SUSPICIOUS_MOVE = YES;
				CLANG_WARN_UNGUARDED_AVAILABILITY = YES_AGGRESSIVE;
				CLANG_WARN_UNREACHABLE_CODE = YES;
				CLANG_WARN__DUPLICATE_METHOD_MATCH = YES;
				COPY_PHASE_STRIP = NO;
				DEBUG_INFORMATION_FORMAT = "dwarf-with-dsym";
				ENABLE_NS_ASSERTIONS = NO;
				ENABLE_STRICT_OBJC_MSGSEND = YES;
				GCC_C_LANGUAGE_STANDARD = gnu11;
				GCC_NO_COMMON_BLOCKS = YES;
				GCC_WARN_64_TO_32_BIT_CONVERSION = YES;
				GCC_WARN_ABOUT_RETURN_TYPE = YES_ERROR;
				GCC_WARN_UNDECLARED_SELECTOR = YES;
				GCC_WARN_UNINITIALIZED_AUTOS = YES_AGGRESSIVE;
				GCC_WARN_UNUSED_FUNCTION = YES;
				GCC_WARN_UNUSED_VARIABLE = YES;
				MTL_ENABLE_DEBUG_INFO = NO;
				MTL_FAST_MATH = YES;
				SWIFT_COMPILATION_MODE = wholemodule;
				SWIFT_OPTIMIZATION_LEVEL = "-O";
			};
			name = Release;
		};
		BA3C8166293B13FF00106EFC /* Debug */ = {
			isa = XCBuildConfiguration;
			buildSettings = {
				ASSETCATALOG_COMPILER_APPICON_NAME = AppIcon;
				ASSETCATALOG_COMPILER_GLOBAL_ACCENT_COLOR_NAME = AccentColor;
				CODE_SIGN_ENTITLEMENTS = Workday/Workday.entitlements;
				CODE_SIGN_STYLE = Automatic;
				CURRENT_PROJECT_VERSION = 1;
				DEVELOPMENT_ASSET_PATHS = "\"Workday/Preview Content\"";
				DEVELOPMENT_TEAM = 2KLC5XX3QG;
				ENABLE_HARDENED_RUNTIME = YES;
				ENABLE_PREVIEWS = YES;
				GENERATE_INFOPLIST_FILE = YES;
				"INFOPLIST_KEY_UIApplicationSceneManifest_Generation[sdk=iphoneos*]" = YES;
				"INFOPLIST_KEY_UIApplicationSceneManifest_Generation[sdk=iphonesimulator*]" = YES;
				"INFOPLIST_KEY_UIApplicationSupportsIndirectInputEvents[sdk=iphoneos*]" = YES;
				"INFOPLIST_KEY_UIApplicationSupportsIndirectInputEvents[sdk=iphonesimulator*]" = YES;
				"INFOPLIST_KEY_UILaunchScreen_Generation[sdk=iphoneos*]" = YES;
				"INFOPLIST_KEY_UILaunchScreen_Generation[sdk=iphonesimulator*]" = YES;
				"INFOPLIST_KEY_UIStatusBarStyle[sdk=iphoneos*]" = UIStatusBarStyleDefault;
				"INFOPLIST_KEY_UIStatusBarStyle[sdk=iphonesimulator*]" = UIStatusBarStyleDefault;
				INFOPLIST_KEY_UISupportedInterfaceOrientations_iPad = "UIInterfaceOrientationPortrait UIInterfaceOrientationPortraitUpsideDown UIInterfaceOrientationLandscapeLeft UIInterfaceOrientationLandscapeRight";
				INFOPLIST_KEY_UISupportedInterfaceOrientations_iPhone = "UIInterfaceOrientationPortrait UIInterfaceOrientationLandscapeLeft UIInterfaceOrientationLandscapeRight";
				IPHONEOS_DEPLOYMENT_TARGET = 16.0;
				LD_RUNPATH_SEARCH_PATHS = "@executable_path/Frameworks";
				"LD_RUNPATH_SEARCH_PATHS[sdk=macosx*]" = "@executable_path/../Frameworks";
				MACOSX_DEPLOYMENT_TARGET = 12.3;
				MARKETING_VERSION = 1.0;
				PRODUCT_BUNDLE_IDENTIFIER = Swiftech.Workday;
				PRODUCT_NAME = "$(TARGET_NAME)";
				SDKROOT = auto;
				SUPPORTED_PLATFORMS = "iphoneos iphonesimulator macosx";
				SWIFT_EMIT_LOC_STRINGS = YES;
				SWIFT_VERSION = 5.0;
				TARGETED_DEVICE_FAMILY = "1,2";
			};
			name = Debug;
		};
		BA3C8167293B13FF00106EFC /* Release */ = {
			isa = XCBuildConfiguration;
			buildSettings = {
				ASSETCATALOG_COMPILER_APPICON_NAME = AppIcon;
				ASSETCATALOG_COMPILER_GLOBAL_ACCENT_COLOR_NAME = AccentColor;
				CODE_SIGN_ENTITLEMENTS = Workday/Workday.entitlements;
				CODE_SIGN_STYLE = Automatic;
				CURRENT_PROJECT_VERSION = 1;
				DEVELOPMENT_ASSET_PATHS = "\"Workday/Preview Content\"";
				DEVELOPMENT_TEAM = 2KLC5XX3QG;
				ENABLE_HARDENED_RUNTIME = YES;
				ENABLE_PREVIEWS = YES;
				GENERATE_INFOPLIST_FILE = YES;
				"INFOPLIST_KEY_UIApplicationSceneManifest_Generation[sdk=iphoneos*]" = YES;
				"INFOPLIST_KEY_UIApplicationSceneManifest_Generation[sdk=iphonesimulator*]" = YES;
				"INFOPLIST_KEY_UIApplicationSupportsIndirectInputEvents[sdk=iphoneos*]" = YES;
				"INFOPLIST_KEY_UIApplicationSupportsIndirectInputEvents[sdk=iphonesimulator*]" = YES;
				"INFOPLIST_KEY_UILaunchScreen_Generation[sdk=iphoneos*]" = YES;
				"INFOPLIST_KEY_UILaunchScreen_Generation[sdk=iphonesimulator*]" = YES;
				"INFOPLIST_KEY_UIStatusBarStyle[sdk=iphoneos*]" = UIStatusBarStyleDefault;
				"INFOPLIST_KEY_UIStatusBarStyle[sdk=iphonesimulator*]" = UIStatusBarStyleDefault;
				INFOPLIST_KEY_UISupportedInterfaceOrientations_iPad = "UIInterfaceOrientationPortrait UIInterfaceOrientationPortraitUpsideDown UIInterfaceOrientationLandscapeLeft UIInterfaceOrientationLandscapeRight";
				INFOPLIST_KEY_UISupportedInterfaceOrientations_iPhone = "UIInterfaceOrientationPortrait UIInterfaceOrientationLandscapeLeft UIInterfaceOrientationLandscapeRight";
				IPHONEOS_DEPLOYMENT_TARGET = 16.0;
				LD_RUNPATH_SEARCH_PATHS = "@executable_path/Frameworks";
				"LD_RUNPATH_SEARCH_PATHS[sdk=macosx*]" = "@executable_path/../Frameworks";
				MACOSX_DEPLOYMENT_TARGET = 12.3;
				MARKETING_VERSION = 1.0;
				PRODUCT_BUNDLE_IDENTIFIER = Swiftech.Workday;
				PRODUCT_NAME = "$(TARGET_NAME)";
				SDKROOT = auto;
				SUPPORTED_PLATFORMS = "iphoneos iphonesimulator macosx";
				SWIFT_EMIT_LOC_STRINGS = YES;
				SWIFT_VERSION = 5.0;
				TARGETED_DEVICE_FAMILY = "1,2";
			};
			name = Release;
		};
		BA3C8169293B13FF00106EFC /* Debug */ = {
			isa = XCBuildConfiguration;
			buildSettings = {
				ALWAYS_EMBED_SWIFT_STANDARD_LIBRARIES = YES;
				BUNDLE_LOADER = "$(TEST_HOST)";
				CODE_SIGN_STYLE = Automatic;
				CURRENT_PROJECT_VERSION = 1;
				DEVELOPMENT_TEAM = 2KLC5XX3QG;
				GENERATE_INFOPLIST_FILE = YES;
				IPHONEOS_DEPLOYMENT_TARGET = 16.0;
				MACOSX_DEPLOYMENT_TARGET = 12.3;
				MARKETING_VERSION = 1.0;
				PRODUCT_BUNDLE_IDENTIFIER = Swiftech.WorkdayTests;
				PRODUCT_NAME = "$(TARGET_NAME)";
				SDKROOT = auto;
				SUPPORTED_PLATFORMS = "iphoneos iphonesimulator macosx";
				SWIFT_EMIT_LOC_STRINGS = NO;
				SWIFT_VERSION = 5.0;
				TARGETED_DEVICE_FAMILY = "1,2";
				TEST_HOST = "$(BUILT_PRODUCTS_DIR)/Workday.app/$(BUNDLE_EXECUTABLE_FOLDER_PATH)/Workday";
			};
			name = Debug;
		};
		BA3C816A293B13FF00106EFC /* Release */ = {
			isa = XCBuildConfiguration;
			buildSettings = {
				ALWAYS_EMBED_SWIFT_STANDARD_LIBRARIES = YES;
				BUNDLE_LOADER = "$(TEST_HOST)";
				CODE_SIGN_STYLE = Automatic;
				CURRENT_PROJECT_VERSION = 1;
				DEVELOPMENT_TEAM = 2KLC5XX3QG;
				GENERATE_INFOPLIST_FILE = YES;
				IPHONEOS_DEPLOYMENT_TARGET = 16.0;
				MACOSX_DEPLOYMENT_TARGET = 12.3;
				MARKETING_VERSION = 1.0;
				PRODUCT_BUNDLE_IDENTIFIER = Swiftech.WorkdayTests;
				PRODUCT_NAME = "$(TARGET_NAME)";
				SDKROOT = auto;
				SUPPORTED_PLATFORMS = "iphoneos iphonesimulator macosx";
				SWIFT_EMIT_LOC_STRINGS = NO;
				SWIFT_VERSION = 5.0;
				TARGETED_DEVICE_FAMILY = "1,2";
				TEST_HOST = "$(BUILT_PRODUCTS_DIR)/Workday.app/$(BUNDLE_EXECUTABLE_FOLDER_PATH)/Workday";
			};
			name = Release;
		};
		BA3C816C293B13FF00106EFC /* Debug */ = {
			isa = XCBuildConfiguration;
			buildSettings = {
				ALWAYS_EMBED_SWIFT_STANDARD_LIBRARIES = YES;
				CODE_SIGN_STYLE = Automatic;
				CURRENT_PROJECT_VERSION = 1;
				DEVELOPMENT_TEAM = 2KLC5XX3QG;
				GENERATE_INFOPLIST_FILE = YES;
				IPHONEOS_DEPLOYMENT_TARGET = 16.0;
				MACOSX_DEPLOYMENT_TARGET = 12.3;
				MARKETING_VERSION = 1.0;
				PRODUCT_BUNDLE_IDENTIFIER = Swiftech.WorkdayUITests;
				PRODUCT_NAME = "$(TARGET_NAME)";
				SDKROOT = auto;
				SUPPORTED_PLATFORMS = "iphoneos iphonesimulator macosx";
				SWIFT_EMIT_LOC_STRINGS = NO;
				SWIFT_VERSION = 5.0;
				TARGETED_DEVICE_FAMILY = "1,2";
				TEST_TARGET_NAME = Workday;
			};
			name = Debug;
		};
		BA3C816D293B13FF00106EFC /* Release */ = {
			isa = XCBuildConfiguration;
			buildSettings = {
				ALWAYS_EMBED_SWIFT_STANDARD_LIBRARIES = YES;
				CODE_SIGN_STYLE = Automatic;
				CURRENT_PROJECT_VERSION = 1;
				DEVELOPMENT_TEAM = 2KLC5XX3QG;
				GENERATE_INFOPLIST_FILE = YES;
				IPHONEOS_DEPLOYMENT_TARGET = 16.0;
				MACOSX_DEPLOYMENT_TARGET = 12.3;
				MARKETING_VERSION = 1.0;
				PRODUCT_BUNDLE_IDENTIFIER = Swiftech.WorkdayUITests;
				PRODUCT_NAME = "$(TARGET_NAME)";
				SDKROOT = auto;
				SUPPORTED_PLATFORMS = "iphoneos iphonesimulator macosx";
				SWIFT_EMIT_LOC_STRINGS = NO;
				SWIFT_VERSION = 5.0;
				TARGETED_DEVICE_FAMILY = "1,2";
				TEST_TARGET_NAME = Workday;
			};
			name = Release;
		};
/* End XCBuildConfiguration section */

/* Begin XCConfigurationList section */
		BA3C813B293B13FE00106EFC /* Build configuration list for PBXProject "Workday" */ = {
			isa = XCConfigurationList;
			buildConfigurations = (
				BA3C8163293B13FF00106EFC /* Debug */,
				BA3C8164293B13FF00106EFC /* Release */,
			);
			defaultConfigurationIsVisible = 0;
			defaultConfigurationName = Release;
		};
		BA3C8165293B13FF00106EFC /* Build configuration list for PBXNativeTarget "Workday" */ = {
			isa = XCConfigurationList;
			buildConfigurations = (
				BA3C8166293B13FF00106EFC /* Debug */,
				BA3C8167293B13FF00106EFC /* Release */,
			);
			defaultConfigurationIsVisible = 0;
			defaultConfigurationName = Release;
		};
		BA3C8168293B13FF00106EFC /* Build configuration list for PBXNativeTarget "WorkdayTests" */ = {
			isa = XCConfigurationList;
			buildConfigurations = (
				BA3C8169293B13FF00106EFC /* Debug */,
				BA3C816A293B13FF00106EFC /* Release */,
			);
			defaultConfigurationIsVisible = 0;
			defaultConfigurationName = Release;
		};
		BA3C816B293B13FF00106EFC /* Build configuration list for PBXNativeTarget "WorkdayUITests" */ = {
			isa = XCConfigurationList;
			buildConfigurations = (
				BA3C816C293B13FF00106EFC /* Debug */,
				BA3C816D293B13FF00106EFC /* Release */,
			);
			defaultConfigurationIsVisible = 0;
			defaultConfigurationName = Release;
		};
/* End XCConfigurationList section */
	};
	rootObject = BA3C8138293B13FE00106EFC /* Project object */;
}
